{
  "name": "uvc-cam",
  "version": "1.0.0",
  "lockfileVersion": 2,
  "requires": true,
  "packages": {
    "": {
      "name": "uvc-cam",
      "version": "1.0.0",
      "license": "MIT",
      "dependencies": {
        "usb": "^2.12.1",
        "uvc": "^1.0.0"
      }
    },
    "node_modules/@ffi-libraries/libjpeg-v9d": {
      "version": "2.0.1",
      "resolved": "git+ssh://git@github.com/node-ffi-libraries/node-ffi-library-libjpeg-v9d.git#c151a93c55ac41a2f7f755a1d061754c01c68e32",
      "license": "MIT",
      "dependencies": {
        "engine-check": "^1.0.1",
        "ffi-napi": "^4.0.3",
        "ref-array-di": "^1.2.2",
        "ref-napi": "^3.0.3",
        "ref-struct-di": "^1.1.1",
        "ref-union-di": "^1.0.1"
      },
      "engines": {
        "node": "^12.0.0 || ^14.0.0 || ^16.0.0"
      }
    },
    "node_modules/@ffi-libraries/libusb-v1.0.23": {
      "version": "2.0.1",
      "resolved": "git+ssh://git@github.com/node-ffi-libraries/node-ffi-library-libusb-v1.0.23.git#740f6af55b90dee960bb254b59c86a92c73a9277",
      "license": "MIT",
      "dependencies": {
        "engine-check": "^1.0.1",
        "ffi-napi": "^4.0.3",
        "ref-array-di": "^1.2.2",
        "ref-napi": "^3.0.3",
        "ref-struct-di": "^1.1.1",
        "ref-union-di": "^1.0.1"
      },
      "engines": {
        "node": "^12.0.0 || ^14.0.0 || ^16.0.0"
      }
    },
    "node_modules/@ffi-libraries/libuvc-v0.0.6": {
      "version": "2.0.1",
      "resolved": "git+ssh://git@github.com/node-ffi-libraries/node-ffi-library-libuvc-v0.0.6.git#3133e9cb7e7d9fca9fa33064af3f75210d58b642",
      "license": "MIT",
      "dependencies": {
        "@ffi-libraries/libjpeg-v9d": "github:node-ffi-libraries/node-ffi-library-libjpeg-v9d#semver:^2.0.1",
        "@ffi-libraries/libusb-v1.0.23": "github:node-ffi-libraries/node-ffi-library-libusb-v1.0.23#semver:^2.0.1",
        "engine-check": "^1.0.1",
        "ffi-napi": "^4.0.3",
        "ref-array-di": "^1.2.2",
        "ref-napi": "^3.0.3",
        "ref-struct-di": "^1.1.1",
        "ref-union-di": "^1.0.1"
      },
      "engines": {
        "node": "^12.0.0 || ^14.0.0 || ^16.0.0"
      }
    },
    "node_modules/@types/w3c-web-usb": {
      "version": "1.0.10",
      "resolved": "https://mirrors.cloud.tencent.com/npm/@types/w3c-web-usb/-/w3c-web-usb-1.0.10.tgz",
      "integrity": "sha512-CHgUI5kTc/QLMP8hODUHhge0D4vx+9UiAwIGiT0sTy/B2XpdX1U5rJt6JSISgr6ikRT7vxV9EVAFeYZqUnl1gQ=="
    },
    "node_modules/array-index": {
      "version": "1.0.0",
      "resolved": "https://registry.npmmirror.com/array-index/-/array-index-1.0.0.tgz",
      "integrity": "sha512-jesyNbBkLQgGZMSwA1FanaFjalb1mZUGxGeUEkSDidzgrbjBGhvizJkaItdhkt8eIHFOJC7nDsrXk+BaehTdRw==",
      "dependencies": {
        "debug": "^2.2.0",
        "es6-symbol": "^3.0.2"
      },
      "engines": {
        "node": "*"
      }
    },
    "node_modules/array-index/node_modules/debug": {
      "version": "2.6.9",
      "resolved": "https://registry.npmmirror.com/debug/-/debug-2.6.9.tgz",
      "integrity": "sha512-bC7ElrdJaJnPbAP+1EotYvqZsb3ecl5wi6Bfi6BJTUcNowp6cvspg0jXznRTKDjm/E7AdgFBVeAPVMNcKGsHMA==",
      "dependencies": {
        "ms": "2.0.0"
      }
    },
    "node_modules/array-index/node_modules/ms": {
      "version": "2.0.0",
      "resolved": "https://registry.npmmirror.com/ms/-/ms-2.0.0.tgz",
      "integrity": "sha512-Tpp60P6IUJDTuOq/5Z8cdskzJujfwqfOTkrwIwj7IRISpnkJnT6SyJ4PCPnGMoFjC9ddhal5KVIYtAt97ix05A=="
    },
    "node_modules/bluebird": {
      "version": "3.7.2",
      "resolved": "https://registry.npmmirror.com/bluebird/-/bluebird-3.7.2.tgz",
      "integrity": "sha512-XpNj6GDQzdfW+r2Wnn7xiSAd7TM3jzkxGXBGTtWKuSXv1xUV+azxAm8jdWZN06QTQk+2N2XB9jRDkvbmQmcRtg=="
    },
    "node_modules/d": {
      "version": "1.0.2",
      "resolved": "https://registry.npmmirror.com/d/-/d-1.0.2.tgz",
      "integrity": "sha512-MOqHvMWF9/9MX6nza0KgvFH4HpMU0EF5uUDXqX/BtxtU8NfB0QzRtJ8Oe/6SuS4kbhyzVJwjd97EA4PKrzJ8bw==",
      "dependencies": {
        "es5-ext": "^0.10.64",
        "type": "^2.7.2"
      },
      "engines": {
        "node": ">=0.12"
      }
    },
    "node_modules/debug": {
      "version": "4.3.4",
      "resolved": "https://registry.npmmirror.com/debug/-/debug-4.3.4.tgz",
      "integrity": "sha512-PRWFHuSU3eDtQJPvnNY7Jcket1j0t5OuOsFzPPzsekD52Zl8qUfFIPEiswXqIvHWGVHOgX+7G/vCNNhehwxfkQ==",
      "dependencies": {
        "ms": "2.1.2"
      },
      "engines": {
        "node": ">=6.0"
      },
      "peerDependenciesMeta": {
        "supports-color": {
          "optional": true
        }
      }
    },
    "node_modules/engine-check": {
      "version": "1.0.1",
      "resolved": "https://registry.npmmirror.com/engine-check/-/engine-check-1.0.1.tgz",
      "integrity": "sha512-We1LIiRIkaGfEvhuqgmvyJiZFGO+lpD7nMfSFryM5UaFhrh9vfZWYbb4lqZhsnVCRW55RSflC7WgTiEHbdbIAA==",
      "dependencies": {
        "semver": "^5.0"
      },
      "engines": {
        "iojs": "*",
        "node": ">=0.10"
      }
    },
    "node_modules/es5-ext": {
      "version": "0.10.64",
      "resolved": "https://registry.npmmirror.com/es5-ext/-/es5-ext-0.10.64.tgz",
      "integrity": "sha512-p2snDhiLaXe6dahss1LddxqEm+SkuDvV8dnIQG0MWjyHpcMNfXKPE+/Cc0y+PhxJX3A4xGNeFCj5oc0BUh6deg==",
      "hasInstallScript": true,
      "dependencies": {
        "es6-iterator": "^2.0.3",
        "es6-symbol": "^3.1.3",
        "esniff": "^2.0.1",
        "next-tick": "^1.1.0"
      },
      "engines": {
        "node": ">=0.10"
      }
    },
    "node_modules/es6-iterator": {
      "version": "2.0.3",
      "resolved": "https://registry.npmmirror.com/es6-iterator/-/es6-iterator-2.0.3.tgz",
      "integrity": "sha512-zw4SRzoUkd+cl+ZoE15A9o1oQd920Bb0iOJMQkQhl3jNc03YqVjAhG7scf9C5KWRU/R13Orf588uCC6525o02g==",
      "dependencies": {
        "d": "1",
        "es5-ext": "^0.10.35",
        "es6-symbol": "^3.1.1"
      }
    },
    "node_modules/es6-symbol": {
      "version": "3.1.4",
      "resolved": "https://registry.npmmirror.com/es6-symbol/-/es6-symbol-3.1.4.tgz",
      "integrity": "sha512-U9bFFjX8tFiATgtkJ1zg25+KviIXpgRvRHS8sau3GfhVzThRQrOeksPeT0BWW2MNZs1OEWJ1DPXOQMn0KKRkvg==",
      "dependencies": {
        "d": "^1.0.2",
        "ext": "^1.7.0"
      },
      "engines": {
        "node": ">=0.12"
      }
    },
    "node_modules/esniff": {
      "version": "2.0.1",
      "resolved": "https://registry.npmmirror.com/esniff/-/esniff-2.0.1.tgz",
      "integrity": "sha512-kTUIGKQ/mDPFoJ0oVfcmyJn4iBDRptjNVIzwIFR7tqWXdVI9xfA2RMwY/gbSpJG3lkdWNEjLap/NqVHZiJsdfg==",
      "dependencies": {
        "d": "^1.0.1",
        "es5-ext": "^0.10.62",
        "event-emitter": "^0.3.5",
        "type": "^2.7.2"
      },
      "engines": {
        "node": ">=0.10"
      }
    },
    "node_modules/event-emitter": {
      "version": "0.3.5",
      "resolved": "https://registry.npmmirror.com/event-emitter/-/event-emitter-0.3.5.tgz",
      "integrity": "sha512-D9rRn9y7kLPnJ+hMq7S/nhvoKwwvVJahBi2BPmx3bvbsEdK3W9ii8cBSGjP+72/LnM4n6fo3+dkCX5FeTQruXA==",
      "dependencies": {
        "d": "1",
        "es5-ext": "~0.10.14"
      }
    },
    "node_modules/ext": {
      "version": "1.7.0",
      "resolved": "https://registry.npmmirror.com/ext/-/ext-1.7.0.tgz",
      "integrity": "sha512-6hxeJYaL110a9b5TEJSj0gojyHQAmA2ch5Os+ySCiA1QGdS697XWY1pzsrSjqA9LDEEgdB/KypIlR59RcLuHYw==",
      "dependencies": {
        "type": "^2.7.2"
      }
    },
    "node_modules/ffi-napi": {
      "version": "4.0.3",
      "resolved": "https://registry.npmmirror.com/ffi-napi/-/ffi-napi-4.0.3.tgz",
      "integrity": "sha512-PMdLCIvDY9mS32RxZ0XGb95sonPRal8aqRhLbeEtWKZTe2A87qRFG9HjOhvG8EX2UmQw5XNRMIOT+1MYlWmdeg==",
      "hasInstallScript": true,
      "dependencies": {
        "debug": "^4.1.1",
        "get-uv-event-loop-napi-h": "^1.0.5",
        "node-addon-api": "^3.0.0",
        "node-gyp-build": "^4.2.1",
        "ref-napi": "^2.0.1 || ^3.0.2",
        "ref-struct-di": "^1.1.0"
      },
      "engines": {
        "node": ">=10"
      }
    },
    "node_modules/ffi-napi/node_modules/node-addon-api": {
      "version": "3.2.1",
      "resolved": "https://registry.npmmirror.com/node-addon-api/-/node-addon-api-3.2.1.tgz",
      "integrity": "sha512-mmcei9JghVNDYydghQmeDX8KoAm0FAiYyIcUt/N4nhyAipB17pllZQDOJD2fotxABnt4Mdz+dKTO7eftLg4d0A=="
    },
    "node_modules/get-symbol-from-current-process-h": {
      "version": "1.0.2",
      "resolved": "https://registry.npmmirror.com/get-symbol-from-current-process-h/-/get-symbol-from-current-process-h-1.0.2.tgz",
      "integrity": "sha512-syloC6fsCt62ELLrr1VKBM1ggOpMdetX9hTrdW77UQdcApPHLmf7CI7OKcN1c9kYuNxKcDe4iJ4FY9sX3aw2xw=="
    },
    "node_modules/get-uv-event-loop-napi-h": {
      "version": "1.0.6",
      "resolved": "https://registry.npmmirror.com/get-uv-event-loop-napi-h/-/get-uv-event-loop-napi-h-1.0.6.tgz",
      "integrity": "sha512-t5c9VNR84nRoF+eLiz6wFrEp1SE2Acg0wS+Ysa2zF0eROes+LzOfuTaVHxGy8AbS8rq7FHEJzjnCZo1BupwdJg==",
      "dependencies": {
        "get-symbol-from-current-process-h": "^1.0.1"
      }
    },
    "node_modules/lodash": {
      "version": "4.17.21",
      "resolved": "https://registry.npmmirror.com/lodash/-/lodash-4.17.21.tgz",
      "integrity": "sha512-v2kDEe57lecTulaDIuNTPy3Ry4gLGJ6Z1O3vE1krgXZNrsQ+LFTGHVxVjcXPs17LhbZVGedAJv8XZ1tvj5FvSg=="
    },
    "node_modules/ms": {
      "version": "2.1.2",
      "resolved": "https://registry.npmmirror.com/ms/-/ms-2.1.2.tgz",
      "integrity": "sha512-sGkPx+VjMtmA6MX27oA4FBFELFCZZ4S4XqeGOXCv68tT+jb3vk/RyaKWP0PTKyWtmLSM0b+adUTEvbs1PEaH2w=="
    },
    "node_modules/next-tick": {
      "version": "1.1.0",
      "resolved": "https://registry.npmmirror.com/next-tick/-/next-tick-1.1.0.tgz",
      "integrity": "sha512-CXdUiJembsNjuToQvxayPZF9Vqht7hewsvy2sOWafLvi2awflj9mOC6bHIg50orX8IJvWKY9wYQ/zB2kogPslQ=="
    },
    "node_modules/node-addon-api": {
      "version": "7.1.0",
      "resolved": "https://mirrors.cloud.tencent.com/npm/node-addon-api/-/node-addon-api-7.1.0.tgz",
      "integrity": "sha512-mNcltoe1R8o7STTegSOHdnJNN7s5EUvhoS7ShnTHDyOSd+8H+UdWODq6qSv67PjC8Zc5JRT8+oLAMCr0SIXw7g==",
      "engines": {
        "node": "^16 || ^18 || >= 20"
      }
    },
    "node_modules/node-gyp-build": {
      "version": "4.8.0",
      "resolved": "https://mirrors.cloud.tencent.com/npm/node-gyp-build/-/node-gyp-build-4.8.0.tgz",
      "integrity": "sha512-u6fs2AEUljNho3EYTJNBfImO5QTo/J/1Etd+NVdCj7qWKUSN/bSLkZwhDv7I+w/MSC6qJ4cknepkAYykDdK8og==",
      "bin": {
        "node-gyp-build": "bin.js",
        "node-gyp-build-optional": "optional.js",
        "node-gyp-build-test": "build-test.js"
      }
    },
    "node_modules/ref-array-di": {
      "version": "1.2.2",
      "resolved": "https://registry.npmmirror.com/ref-array-di/-/ref-array-di-1.2.2.tgz",
      "integrity": "sha512-jhCmhqWa7kvCVrWhR/d7RemkppqPUdxEil1CtTtm7FkZV8LcHHCK3Or9GinUiFP5WY3k0djUkMvhBhx49Jb2iA==",
      "dependencies": {
        "array-index": "^1.0.0",
        "debug": "^3.1.0"
      }
    },
    "node_modules/ref-array-di/node_modules/debug": {
      "version": "3.2.7",
      "resolved": "https://registry.npmmirror.com/debug/-/debug-3.2.7.tgz",
      "integrity": "sha512-CFjzYYAi4ThfiQvizrFQevTTXHtnCqWfe7x1AhgEscTz6ZbLbfoLRLPugTQyBth6f8ZERVUSyWHFD/7Wu4t1XQ==",
      "dependencies": {
        "ms": "^2.1.1"
      }
    },
    "node_modules/ref-napi": {
      "version": "3.0.3",
      "resolved": "https://registry.npmmirror.com/ref-napi/-/ref-napi-3.0.3.tgz",
      "integrity": "sha512-LiMq/XDGcgodTYOMppikEtJelWsKQERbLQsYm0IOOnzhwE9xYZC7x8txNnFC9wJNOkPferQI4vD4ZkC0mDyrOA==",
      "hasInstallScript": true,
      "dependencies": {
        "debug": "^4.1.1",
        "get-symbol-from-current-process-h": "^1.0.2",
        "node-addon-api": "^3.0.0",
        "node-gyp-build": "^4.2.1"
      },
      "engines": {
        "node": ">= 10.0"
      }
    },
    "node_modules/ref-napi/node_modules/node-addon-api": {
      "version": "3.2.1",
      "resolved": "https://registry.npmmirror.com/node-addon-api/-/node-addon-api-3.2.1.tgz",
      "integrity": "sha512-mmcei9JghVNDYydghQmeDX8KoAm0FAiYyIcUt/N4nhyAipB17pllZQDOJD2fotxABnt4Mdz+dKTO7eftLg4d0A=="
    },
    "node_modules/ref-struct-di": {
      "version": "1.1.1",
      "resolved": "https://registry.npmmirror.com/ref-struct-di/-/ref-struct-di-1.1.1.tgz",
      "integrity": "sha512-2Xyn/0Qgz89VT+++WP0sTosdm9oeowLP23wRJYhG4BFdMUrLj3jhwHZNEytYNYgtPKLNTP3KJX4HEgBvM1/Y2g==",
      "dependencies": {
        "debug": "^3.1.0"
      }
    },
    "node_modules/ref-struct-di/node_modules/debug": {
      "version": "3.2.7",
      "resolved": "https://registry.npmmirror.com/debug/-/debug-3.2.7.tgz",
      "integrity": "sha512-CFjzYYAi4ThfiQvizrFQevTTXHtnCqWfe7x1AhgEscTz6ZbLbfoLRLPugTQyBth6f8ZERVUSyWHFD/7Wu4t1XQ==",
      "dependencies": {
        "ms": "^2.1.1"
      }
    },
    "node_modules/ref-union-di": {
      "version": "1.0.1",
      "resolved": "https://registry.npmmirror.com/ref-union-di/-/ref-union-di-1.0.1.tgz",
      "integrity": "sha512-JWSF2BwNVtCgmEfoDGMh8S1KO07oq+T8L7cBHwcsmQmeXDZd9JNlrxU+ebSHs+jsf0qrqFFWXMCmj94Tcl26TA==",
      "dependencies": {
        "debug": "^3.1.0"
      }
    },
    "node_modules/ref-union-di/node_modules/debug": {
      "version": "3.2.7",
      "resolved": "https://registry.npmmirror.com/debug/-/debug-3.2.7.tgz",
      "integrity": "sha512-CFjzYYAi4ThfiQvizrFQevTTXHtnCqWfe7x1AhgEscTz6ZbLbfoLRLPugTQyBth6f8ZERVUSyWHFD/7Wu4t1XQ==",
      "dependencies": {
        "ms": "^2.1.1"
      }
    },
    "node_modules/semver": {
      "version": "5.7.2",
      "resolved": "https://registry.npmmirror.com/semver/-/semver-5.7.2.tgz",
      "integrity": "sha512-cBznnQ9KjJqU67B52RMC65CMarK2600WFnbkcaiwWq3xy/5haFJlshgnpjovMVJ+Hff49d8GEn0b87C5pDQ10g==",
      "bin": {
        "semver": "bin/semver"
      }
    },
    "node_modules/type": {
      "version": "2.7.2",
      "resolved": "https://registry.npmmirror.com/type/-/type-2.7.2.tgz",
      "integrity": "sha512-dzlvlNlt6AXU7EBSfpAscydQ7gXB+pPGsPnfJnZpiNJBDj7IaJzQlBZYGdEi4R9HmPdBv2XmWJ6YUtoTa7lmCw=="
    },
    "node_modules/usb": {
      "version": "2.12.1",
      "resolved": "https://mirrors.cloud.tencent.com/npm/usb/-/usb-2.12.1.tgz",
      "integrity": "sha512-hgtoSQUFuMXVJBApelpUTiX7ZB83MQCbYeHTBsHftA2JG7YZ76ycwIgKQhkhKqVY76C8K6xJscHpF7Ep0eG3pQ==",
      "hasInstallScript": true,
      "dependencies": {
        "@types/w3c-web-usb": "^1.0.6",
        "node-addon-api": "^7.0.0",
        "node-gyp-build": "^4.5.0"
      },
      "engines": {
        "node": ">=12.22.0 <13.0 || >=14.17.0"
      }
    },
    "node_modules/uvc": {
      "version": "1.0.0",
      "resolved": "https://registry.npmmirror.com/uvc/-/uvc-1.0.0.tgz",
      "integrity": "sha512-2V8EZ5hwpzIMoWx1Ivv5WVaZGDeD7pX7MteHX8ec/R8qxpjVigiydwI8LOnDFQ4oHW1yHMlzM/O/1zQAG0Rhow==",
      "dependencies": {
        "@ffi-libraries/libuvc-v0.0.6": "github:node-ffi-libraries/node-ffi-library-libuvc-v0.0.6#semver:^2.0.1",
        "bluebird": "^3.7.2",
        "lodash": "^4.17.21",
        "yaml": "^1.10.2"
      },
      "engines": {
        "node": "^12.0.0 || ^14.0.0 || ^16.0.0"
      }
    },
    "node_modules/yaml": {
      "version": "1.10.2",
      "resolved": "https://registry.npmmirror.com/yaml/-/yaml-1.10.2.tgz",
      "integrity": "sha512-r3vXyErRCYJ7wg28yvBY5VSoAF8ZvlcW9/BwUzEtUsjvX/DKs24dIkuwjtuprwJJHsbyUbLApepYTR1BN4uHrg==",
      "engines": {
        "node": ">= 6"
      }
    }
  },
  "dependencies": {
    "@ffi-libraries/libjpeg-v9d": {
      "version": "git+ssh://git@github.com/node-ffi-libraries/node-ffi-library-libjpeg-v9d.git#c151a93c55ac41a2f7f755a1d061754c01c68e32",
      "from": "@ffi-libraries/libjpeg-v9d@github:node-ffi-libraries/node-ffi-library-libjpeg-v9d#semver:^2.0.1",
      "requires": {
        "engine-check": "^1.0.1",
        "ffi-napi": "^4.0.3",
        "ref-array-di": "^1.2.2",
        "ref-napi": "^3.0.3",
        "ref-struct-di": "^1.1.1",
        "ref-union-di": "^1.0.1"
      }
    },
    "@ffi-libraries/libusb-v1.0.23": {
      "version": "git+ssh://git@github.com/node-ffi-libraries/node-ffi-library-libusb-v1.0.23.git#740f6af55b90dee960bb254b59c86a92c73a9277",
      "from": "@ffi-libraries/libusb-v1.0.23@github:node-ffi-libraries/node-ffi-library-libusb-v1.0.23#semver:^2.0.1",
      "requires": {
        "engine-check": "^1.0.1",
        "ffi-napi": "^4.0.3",
        "ref-array-di": "^1.2.2",
        "ref-napi": "^3.0.3",
        "ref-struct-di": "^1.1.1",
        "ref-union-di": "^1.0.1"
      }
    },
    "@ffi-libraries/libuvc-v0.0.6": {
      "version": "git+ssh://git@github.com/node-ffi-libraries/node-ffi-library-libuvc-v0.0.6.git#3133e9cb7e7d9fca9fa33064af3f75210d58b642",
      "from": "@ffi-libraries/libuvc-v0.0.6@github:node-ffi-libraries/node-ffi-library-libuvc-v0.0.6#semver:^2.0.1",
      "requires": {
        "@ffi-libraries/libjpeg-v9d": "github:node-ffi-libraries/node-ffi-library-libjpeg-v9d#semver:^2.0.1",
        "@ffi-libraries/libusb-v1.0.23": "github:node-ffi-libraries/node-ffi-library-libusb-v1.0.23#semver:^2.0.1",
        "engine-check": "^1.0.1",
        "ffi-napi": "^4.0.3",
        "ref-array-di": "^1.2.2",
        "ref-napi": "^3.0.3",
        "ref-struct-di": "^1.1.1",
        "ref-union-di": "^1.0.1"
      }
    },
    "@types/w3c-web-usb": {
      "version": "1.0.10",
      "resolved": "https://mirrors.cloud.tencent.com/npm/@types/w3c-web-usb/-/w3c-web-usb-1.0.10.tgz",
      "integrity": "sha512-CHgUI5kTc/QLMP8hODUHhge0D4vx+9UiAwIGiT0sTy/B2XpdX1U5rJt6JSISgr6ikRT7vxV9EVAFeYZqUnl1gQ=="
    },
    "array-index": {
      "version": "1.0.0",
      "resolved": "https://registry.npmmirror.com/array-index/-/array-index-1.0.0.tgz",
      "integrity": "sha512-jesyNbBkLQgGZMSwA1FanaFjalb1mZUGxGeUEkSDidzgrbjBGhvizJkaItdhkt8eIHFOJC7nDsrXk+BaehTdRw==",
      "requires": {
        "debug": "^2.2.0",
        "es6-symbol": "^3.0.2"
      },
      "dependencies": {
        "debug": {
          "version": "2.6.9",
          "resolved": "https://registry.npmmirror.com/debug/-/debug-2.6.9.tgz",
          "integrity": "sha512-bC7ElrdJaJnPbAP+1EotYvqZsb3ecl5wi6Bfi6BJTUcNowp6cvspg0jXznRTKDjm/E7AdgFBVeAPVMNcKGsHMA==",
          "requires": {
            "ms": "2.0.0"
          }
        },
        "ms": {
          "version": "2.0.0",
          "resolved": "https://registry.npmmirror.com/ms/-/ms-2.0.0.tgz",
          "integrity": "sha512-Tpp60P6IUJDTuOq/5Z8cdskzJujfwqfOTkrwIwj7IRISpnkJnT6SyJ4PCPnGMoFjC9ddhal5KVIYtAt97ix05A=="
        }
      }
    },
    "bluebird": {
      "version": "3.7.2",
      "resolved": "https://registry.npmmirror.com/bluebird/-/bluebird-3.7.2.tgz",
      "integrity": "sha512-XpNj6GDQzdfW+r2Wnn7xiSAd7TM3jzkxGXBGTtWKuSXv1xUV+azxAm8jdWZN06QTQk+2N2XB9jRDkvbmQmcRtg=="
    },
    "d": {
      "version": "1.0.2",
      "resolved": "https://registry.npmmirror.com/d/-/d-1.0.2.tgz",
      "integrity": "sha512-MOqHvMWF9/9MX6nza0KgvFH4HpMU0EF5uUDXqX/BtxtU8NfB0QzRtJ8Oe/6SuS4kbhyzVJwjd97EA4PKrzJ8bw==",
      "requires": {
        "es5-ext": "^0.10.64",
        "type": "^2.7.2"
      }
    },
    "debug": {
      "version": "4.3.4",
      "resolved": "https://registry.npmmirror.com/debug/-/debug-4.3.4.tgz",
      "integrity": "sha512-PRWFHuSU3eDtQJPvnNY7Jcket1j0t5OuOsFzPPzsekD52Zl8qUfFIPEiswXqIvHWGVHOgX+7G/vCNNhehwxfkQ==",
      "requires": {
        "ms": "2.1.2"
      }
    },
    "engine-check": {
      "version": "1.0.1",
      "resolved": "https://registry.npmmirror.com/engine-check/-/engine-check-1.0.1.tgz",
      "integrity": "sha512-We1LIiRIkaGfEvhuqgmvyJiZFGO+lpD7nMfSFryM5UaFhrh9vfZWYbb4lqZhsnVCRW55RSflC7WgTiEHbdbIAA==",
      "requires": {
        "semver": "^5.0"
      }
    },
    "es5-ext": {
      "version": "0.10.64",
      "resolved": "https://registry.npmmirror.com/es5-ext/-/es5-ext-0.10.64.tgz",
      "integrity": "sha512-p2snDhiLaXe6dahss1LddxqEm+SkuDvV8dnIQG0MWjyHpcMNfXKPE+/Cc0y+PhxJX3A4xGNeFCj5oc0BUh6deg==",
      "requires": {
        "es6-iterator": "^2.0.3",
        "es6-symbol": "^3.1.3",
        "esniff": "^2.0.1",
        "next-tick": "^1.1.0"
      }
    },
    "es6-iterator": {
      "version": "2.0.3",
      "resolved": "https://registry.npmmirror.com/es6-iterator/-/es6-iterator-2.0.3.tgz",
      "integrity": "sha512-zw4SRzoUkd+cl+ZoE15A9o1oQd920Bb0iOJMQkQhl3jNc03YqVjAhG7scf9C5KWRU/R13Orf588uCC6525o02g==",
      "requires": {
        "d": "1",
        "es5-ext": "^0.10.35",
        "es6-symbol": "^3.1.1"
      }
    },
    "es6-symbol": {
      "version": "3.1.4",
      "resolved": "https://registry.npmmirror.com/es6-symbol/-/es6-symbol-3.1.4.tgz",
      "integrity": "sha512-U9bFFjX8tFiATgtkJ1zg25+KviIXpgRvRHS8sau3GfhVzThRQrOeksPeT0BWW2MNZs1OEWJ1DPXOQMn0KKRkvg==",
      "requires": {
        "d": "^1.0.2",
        "ext": "^1.7.0"
      }
    },
    "esniff": {
      "version": "2.0.1",
      "resolved": "https://registry.npmmirror.com/esniff/-/esniff-2.0.1.tgz",
      "integrity": "sha512-kTUIGKQ/mDPFoJ0oVfcmyJn4iBDRptjNVIzwIFR7tqWXdVI9xfA2RMwY/gbSpJG3lkdWNEjLap/NqVHZiJsdfg==",
      "requires": {
        "d": "^1.0.1",
        "es5-ext": "^0.10.62",
        "event-emitter": "^0.3.5",
        "type": "^2.7.2"
      }
    },
    "event-emitter": {
      "version": "0.3.5",
      "resolved": "https://registry.npmmirror.com/event-emitter/-/event-emitter-0.3.5.tgz",
      "integrity": "sha512-D9rRn9y7kLPnJ+hMq7S/nhvoKwwvVJahBi2BPmx3bvbsEdK3W9ii8cBSGjP+72/LnM4n6fo3+dkCX5FeTQruXA==",
      "requires": {
        "d": "1",
        "es5-ext": "~0.10.14"
      }
    },
    "ext": {
      "version": "1.7.0",
      "resolved": "https://registry.npmmirror.com/ext/-/ext-1.7.0.tgz",
      "integrity": "sha512-6hxeJYaL110a9b5TEJSj0gojyHQAmA2ch5Os+ySCiA1QGdS697XWY1pzsrSjqA9LDEEgdB/KypIlR59RcLuHYw==",
      "requires": {
        "type": "^2.7.2"
      }
    },
    "ffi-napi": {
      "version": "4.0.3",
      "resolved": "https://registry.npmmirror.com/ffi-napi/-/ffi-napi-4.0.3.tgz",
      "integrity": "sha512-PMdLCIvDY9mS32RxZ0XGb95sonPRal8aqRhLbeEtWKZTe2A87qRFG9HjOhvG8EX2UmQw5XNRMIOT+1MYlWmdeg==",
      "requires": {
        "debug": "^4.1.1",
        "get-uv-event-loop-napi-h": "^1.0.5",
        "node-addon-api": "^3.0.0",
        "node-gyp-build": "^4.2.1",
        "ref-napi": "^2.0.1 || ^3.0.2",
        "ref-struct-di": "^1.1.0"
      },
      "dependencies": {
        "node-addon-api": {
          "version": "3.2.1",
          "resolved": "https://registry.npmmirror.com/node-addon-api/-/node-addon-api-3.2.1.tgz",
          "integrity": "sha512-mmcei9JghVNDYydghQmeDX8KoAm0FAiYyIcUt/N4nhyAipB17pllZQDOJD2fotxABnt4Mdz+dKTO7eftLg4d0A=="
        }
      }
    },
    "get-symbol-from-current-process-h": {
      "version": "1.0.2",
      "resolved": "https://registry.npmmirror.com/get-symbol-from-current-process-h/-/get-symbol-from-current-process-h-1.0.2.tgz",
      "integrity": "sha512-syloC6fsCt62ELLrr1VKBM1ggOpMdetX9hTrdW77UQdcApPHLmf7CI7OKcN1c9kYuNxKcDe4iJ4FY9sX3aw2xw=="
    },
    "get-uv-event-loop-napi-h": {
      "version": "1.0.6",
      "resolved": "https://registry.npmmirror.com/get-uv-event-loop-napi-h/-/get-uv-event-loop-napi-h-1.0.6.tgz",
      "integrity": "sha512-t5c9VNR84nRoF+eLiz6wFrEp1SE2Acg0wS+Ysa2zF0eROes+LzOfuTaVHxGy8AbS8rq7FHEJzjnCZo1BupwdJg==",
      "requires": {
        "get-symbol-from-current-process-h": "^1.0.1"
      }
    },
    "lodash": {
      "version": "4.17.21",
      "resolved": "https://registry.npmmirror.com/lodash/-/lodash-4.17.21.tgz",
      "integrity": "sha512-v2kDEe57lecTulaDIuNTPy3Ry4gLGJ6Z1O3vE1krgXZNrsQ+LFTGHVxVjcXPs17LhbZVGedAJv8XZ1tvj5FvSg=="
    },
    "ms": {
      "version": "2.1.2",
      "resolved": "https://registry.npmmirror.com/ms/-/ms-2.1.2.tgz",
      "integrity": "sha512-sGkPx+VjMtmA6MX27oA4FBFELFCZZ4S4XqeGOXCv68tT+jb3vk/RyaKWP0PTKyWtmLSM0b+adUTEvbs1PEaH2w=="
    },
    "next-tick": {
      "version": "1.1.0",
      "resolved": "https://registry.npmmirror.com/next-tick/-/next-tick-1.1.0.tgz",
      "integrity": "sha512-CXdUiJembsNjuToQvxayPZF9Vqht7hewsvy2sOWafLvi2awflj9mOC6bHIg50orX8IJvWKY9wYQ/zB2kogPslQ=="
    },
    "node-addon-api": {
      "version": "7.1.0",
      "resolved": "https://mirrors.cloud.tencent.com/npm/node-addon-api/-/node-addon-api-7.1.0.tgz",
      "integrity": "sha512-mNcltoe1R8o7STTegSOHdnJNN7s5EUvhoS7ShnTHDyOSd+8H+UdWODq6qSv67PjC8Zc5JRT8+oLAMCr0SIXw7g=="
    },
    "node-gyp-build": {
      "version": "4.8.0",
      "resolved": "https://mirrors.cloud.tencent.com/npm/node-gyp-build/-/node-gyp-build-4.8.0.tgz",
      "integrity": "sha512-u6fs2AEUljNho3EYTJNBfImO5QTo/J/1Etd+NVdCj7qWKUSN/bSLkZwhDv7I+w/MSC6qJ4cknepkAYykDdK8og=="
    },
    "ref-array-di": {
      "version": "1.2.2",
      "resolved": "https://registry.npmmirror.com/ref-array-di/-/ref-array-di-1.2.2.tgz",
      "integrity": "sha512-jhCmhqWa7kvCVrWhR/d7RemkppqPUdxEil1CtTtm7FkZV8LcHHCK3Or9GinUiFP5WY3k0djUkMvhBhx49Jb2iA==",
      "requires": {
        "array-index": "^1.0.0",
        "debug": "^3.1.0"
      },
      "dependencies": {
        "debug": {
          "version": "3.2.7",
          "resolved": "https://registry.npmmirror.com/debug/-/debug-3.2.7.tgz",
          "integrity": "sha512-CFjzYYAi4ThfiQvizrFQevTTXHtnCqWfe7x1AhgEscTz6ZbLbfoLRLPugTQyBth6f8ZERVUSyWHFD/7Wu4t1XQ==",
          "requires": {
            "ms": "^2.1.1"
          }
        }
      }
    },
    "ref-napi": {
      "version": "3.0.3",
      "resolved": "https://registry.npmmirror.com/ref-napi/-/ref-napi-3.0.3.tgz",
      "integrity": "sha512-LiMq/XDGcgodTYOMppikEtJelWsKQERbLQsYm0IOOnzhwE9xYZC7x8txNnFC9wJNOkPferQI4vD4ZkC0mDyrOA==",
      "requires": {
        "debug": "^4.1.1",
        "get-symbol-from-current-process-h": "^1.0.2",
        "node-addon-api": "^3.0.0",
        "node-gyp-build": "^4.2.1"
      },
      "dependencies": {
        "node-addon-api": {
          "version": "3.2.1",
          "resolved": "https://registry.npmmirror.com/node-addon-api/-/node-addon-api-3.2.1.tgz",
          "integrity": "sha512-mmcei9JghVNDYydghQmeDX8KoAm0FAiYyIcUt/N4nhyAipB17pllZQDOJD2fotxABnt4Mdz+dKTO7eftLg4d0A=="
        }
      }
    },
    "ref-struct-di": {
      "version": "1.1.1",
      "resolved": "https://registry.npmmirror.com/ref-struct-di/-/ref-struct-di-1.1.1.tgz",
      "integrity": "sha512-2Xyn/0Qgz89VT+++WP0sTosdm9oeowLP23wRJYhG4BFdMUrLj3jhwHZNEytYNYgtPKLNTP3KJX4HEgBvM1/Y2g==",
      "requires": {
        "debug": "^3.1.0"
      },
      "dependencies": {
        "debug": {
          "version": "3.2.7",
          "resolved": "https://registry.npmmirror.com/debug/-/debug-3.2.7.tgz",
          "integrity": "sha512-CFjzYYAi4ThfiQvizrFQevTTXHtnCqWfe7x1AhgEscTz6ZbLbfoLRLPugTQyBth6f8ZERVUSyWHFD/7Wu4t1XQ==",
          "requires": {
            "ms": "^2.1.1"
          }
        }
      }
    },
    "ref-union-di": {
      "version": "1.0.1",
      "resolved": "https://registry.npmmirror.com/ref-union-di/-/ref-union-di-1.0.1.tgz",
      "integrity": "sha512-JWSF2BwNVtCgmEfoDGMh8S1KO07oq+T8L7cBHwcsmQmeXDZd9JNlrxU+ebSHs+jsf0qrqFFWXMCmj94Tcl26TA==",
      "requires": {
        "debug": "^3.1.0"
      },
      "dependencies": {
        "debug": {
          "version": "3.2.7",
          "resolved": "https://registry.npmmirror.com/debug/-/debug-3.2.7.tgz",
          "integrity": "sha512-CFjzYYAi4ThfiQvizrFQevTTXHtnCqWfe7x1AhgEscTz6ZbLbfoLRLPugTQyBth6f8ZERVUSyWHFD/7Wu4t1XQ==",
          "requires": {
            "ms": "^2.1.1"
          }
        }
      }
    },
    "semver": {
      "version": "5.7.2",
      "resolved": "https://registry.npmmirror.com/semver/-/semver-5.7.2.tgz",
      "integrity": "sha512-cBznnQ9KjJqU67B52RMC65CMarK2600WFnbkcaiwWq3xy/5haFJlshgnpjovMVJ+Hff49d8GEn0b87C5pDQ10g=="
    },
    "type": {
      "version": "2.7.2",
      "resolved": "https://registry.npmmirror.com/type/-/type-2.7.2.tgz",
      "integrity": "sha512-dzlvlNlt6AXU7EBSfpAscydQ7gXB+pPGsPnfJnZpiNJBDj7IaJzQlBZYGdEi4R9HmPdBv2XmWJ6YUtoTa7lmCw=="
    },
    "usb": {
      "version": "2.12.1",
      "resolved": "https://mirrors.cloud.tencent.com/npm/usb/-/usb-2.12.1.tgz",
      "integrity": "sha512-hgtoSQUFuMXVJBApelpUTiX7ZB83MQCbYeHTBsHftA2JG7YZ76ycwIgKQhkhKqVY76C8K6xJscHpF7Ep0eG3pQ==",
      "requires": {
        "@types/w3c-web-usb": "^1.0.6",
        "node-addon-api": "^7.0.0",
        "node-gyp-build": "^4.5.0"
      }
    },
    "uvc": {
      "version": "1.0.0",
      "resolved": "https://registry.npmmirror.com/uvc/-/uvc-1.0.0.tgz",
      "integrity": "sha512-2V8EZ5hwpzIMoWx1Ivv5WVaZGDeD7pX7MteHX8ec/R8qxpjVigiydwI8LOnDFQ4oHW1yHMlzM/O/1zQAG0Rhow==",
      "requires": {
        "@ffi-libraries/libuvc-v0.0.6": "github:node-ffi-libraries/node-ffi-library-libuvc-v0.0.6#semver:^2.0.1",
        "bluebird": "^3.7.2",
        "lodash": "^4.17.21",
        "yaml": "^1.10.2"
      }
    },
    "yaml": {
      "version": "1.10.2",
      "resolved": "https://registry.npmmirror.com/yaml/-/yaml-1.10.2.tgz",
      "integrity": "sha512-r3vXyErRCYJ7wg28yvBY5VSoAF8ZvlcW9/BwUzEtUsjvX/DKs24dIkuwjtuprwJJHsbyUbLApepYTR1BN4uHrg=="
    }
  }
}
